
Microsoft Visual Studio Solution File, Format Version 11.00
# Visual Studio 2010
Project("{FAE04EC0-301F-11D3-BF4B-00C04F79EFBC}") = "1RMLogPrototype", "1RMLogPrototype\1RMLogPrototype.csproj", "{4C3E8EE5-6F81-4C4D-B184-19B1685478CA}"
EndProject
Global
	GlobalSection(SolutionConfigurationPlatforms) = preSolution
		Debug|iPhoneSimulator = Debug|iPhoneSimulator
		Release|iPhoneSimulator = Release|iPhoneSimulator
		Debug|iPhone = Debug|iPhone
		Release|iPhone = Release|iPhone
		Ad-Hoc|iPhone = Ad-Hoc|iPhone
		AppStore|iPhone = AppStore|iPhone
	EndGlobalSection
	GlobalSection(ProjectConfigurationPlatforms) = postSolution
		{4C3E8EE5-6F81-4C4D-B184-19B1685478CA}.Ad-Hoc|iPhone.ActiveCfg = Ad-Hoc|iPhone
		{4C3E8EE5-6F81-4C4D-B184-19B1685478CA}.Ad-Hoc|iPhone.Build.0 = Ad-Hoc|iPhone
		{4C3E8EE5-6F81-4C4D-B184-19B1685478CA}.AppStore|iPhone.ActiveCfg = AppStore|iPhone
		{4C3E8EE5-6F81-4C4D-B184-19B1685478CA}.AppStore|iPhone.Build.0 = AppStore|iPhone
		{4C3E8EE5-6F81-4C4D-B184-19B1685478CA}.Debug|iPhone.ActiveCfg = Debug|iPhone
		{4C3E8EE5-6F81-4C4D-B184-19B1685478CA}.Debug|iPhone.Build.0 = Debug|iPhone
		{4C3E8EE5-6F81-4C4D-B184-19B1685478CA}.Debug|iPhoneSimulator.ActiveCfg = Debug|iPhoneSimulator
		{4C3E8EE5-6F81-4C4D-B184-19B1685478CA}.Debug|iPhoneSimulator.Build.0 = Debug|iPhoneSimulator
		{4C3E8EE5-6F81-4C4D-B184-19B1685478CA}.Release|iPhone.ActiveCfg = Release|iPhone
		{4C3E8EE5-6F81-4C4D-B184-19B1685478CA}.Release|iPhone.Build.0 = Release|iPhone
		{4C3E8EE5-6F81-4C4D-B184-19B1685478CA}.Release|iPhoneSimulator.ActiveCfg = Release|iPhoneSimulator
		{4C3E8EE5-6F81-4C4D-B184-19B1685478CA}.Release|iPhoneSimulator.Build.0 = Release|iPhoneSimulator
	EndGlobalSection
	GlobalSection(MonoDevelopProperties) = preSolution
		StartupItem = 1RMLogPrototype\1RMLogPrototype.csproj
	EndGlobalSection
EndGlobal
